
Microsoft Visual Studio Solution File, Format Version 12.00
# Visual Studio Version 17
VisualStudioVersion = 17.5.33502.453
MinimumVisualStudioVersion = 10.0.40219.1
Project("{8BC9CEB8-8B4A-11D0-8D11-00A0C91BC942}") = "mbrStatic", "mbrStatic\mbrStatic.vcxproj", "{A5F4ABAD-49E7-4A87-9135-FD6AE9DAF5E9}"
EndProject
Project("{8BC9CEB8-8B4A-11D0-8D11-00A0C91BC942}") = "chainFunction", "chainFunction\chainFunction.vcxproj", "{D8047531-46AC-47DA-AC3A-D8BE8442BE38}"
EndProject
Project("{8BC9CEB8-8B4A-11D0-8D11-00A0C91BC942}") = "destruktor", "destruktor\destruktor.vcxproj", "{9E87779D-443B-4C66-ADFB-4004777A0B13}"
EndProject
Project("{8BC9CEB8-8B4A-11D0-8D11-00A0C91BC942}") = "konstruktor", "konstruktor\konstruktor.vcxproj", "{AFC81913-3DEA-4E18-89F4-159C5A64B960}"
EndProject
Project("{8BC9CEB8-8B4A-11D0-8D11-00A0C91BC942}") = "mbrStatikfunc", "mbrStatikfunc\mbrStatikfunc.vcxproj", "{A17D1BD7-01B2-4106-936F-715AA32E7CF3}"
EndProject
Global
	GlobalSection(SolutionConfigurationPlatforms) = preSolution
		Debug|x64 = Debug|x64
		Debug|x86 = Debug|x86
		Release|x64 = Release|x64
		Release|x86 = Release|x86
	EndGlobalSection
	GlobalSection(ProjectConfigurationPlatforms) = postSolution
		{A5F4ABAD-49E7-4A87-9135-FD6AE9DAF5E9}.Debug|x64.ActiveCfg = Debug|x64
		{A5F4ABAD-49E7-4A87-9135-FD6AE9DAF5E9}.Debug|x64.Build.0 = Debug|x64
		{A5F4ABAD-49E7-4A87-9135-FD6AE9DAF5E9}.Debug|x86.ActiveCfg = Debug|Win32
		{A5F4ABAD-49E7-4A87-9135-FD6AE9DAF5E9}.Debug|x86.Build.0 = Debug|Win32
		{A5F4ABAD-49E7-4A87-9135-FD6AE9DAF5E9}.Release|x64.ActiveCfg = Release|x64
		{A5F4ABAD-49E7-4A87-9135-FD6AE9DAF5E9}.Release|x64.Build.0 = Release|x64
		{A5F4ABAD-49E7-4A87-9135-FD6AE9DAF5E9}.Release|x86.ActiveCfg = Release|Win32
		{A5F4ABAD-49E7-4A87-9135-FD6AE9DAF5E9}.Release|x86.Build.0 = Release|Win32
		{D8047531-46AC-47DA-AC3A-D8BE8442BE38}.Debug|x64.ActiveCfg = Debug|x64
		{D8047531-46AC-47DA-AC3A-D8BE8442BE38}.Debug|x64.Build.0 = Debug|x64
		{D8047531-46AC-47DA-AC3A-D8BE8442BE38}.Debug|x86.ActiveCfg = Debug|Win32
		{D8047531-46AC-47DA-AC3A-D8BE8442BE38}.Debug|x86.Build.0 = Debug|Win32
		{D8047531-46AC-47DA-AC3A-D8BE8442BE38}.Release|x64.ActiveCfg = Release|x64
		{D8047531-46AC-47DA-AC3A-D8BE8442BE38}.Release|x64.Build.0 = Release|x64
		{D8047531-46AC-47DA-AC3A-D8BE8442BE38}.Release|x86.ActiveCfg = Release|Win32
		{D8047531-46AC-47DA-AC3A-D8BE8442BE38}.Release|x86.Build.0 = Release|Win32
		{9E87779D-443B-4C66-ADFB-4004777A0B13}.Debug|x64.ActiveCfg = Debug|x64
		{9E87779D-443B-4C66-ADFB-4004777A0B13}.Debug|x64.Build.0 = Debug|x64
		{9E87779D-443B-4C66-ADFB-4004777A0B13}.Debug|x86.ActiveCfg = Debug|Win32
		{9E87779D-443B-4C66-ADFB-4004777A0B13}.Debug|x86.Build.0 = Debug|Win32
		{9E87779D-443B-4C66-ADFB-4004777A0B13}.Release|x64.ActiveCfg = Release|x64
		{9E87779D-443B-4C66-ADFB-4004777A0B13}.Release|x64.Build.0 = Release|x64
		{9E87779D-443B-4C66-ADFB-4004777A0B13}.Release|x86.ActiveCfg = Release|Win32
		{9E87779D-443B-4C66-ADFB-4004777A0B13}.Release|x86.Build.0 = Release|Win32
		{AFC81913-3DEA-4E18-89F4-159C5A64B960}.Debug|x64.ActiveCfg = Debug|x64
		{AFC81913-3DEA-4E18-89F4-159C5A64B960}.Debug|x64.Build.0 = Debug|x64
		{AFC81913-3DEA-4E18-89F4-159C5A64B960}.Debug|x86.ActiveCfg = Debug|Win32
		{AFC81913-3DEA-4E18-89F4-159C5A64B960}.Debug|x86.Build.0 = Debug|Win32
		{AFC81913-3DEA-4E18-89F4-159C5A64B960}.Release|x64.ActiveCfg = Release|x64
		{AFC81913-3DEA-4E18-89F4-159C5A64B960}.Release|x64.Build.0 = Release|x64
		{AFC81913-3DEA-4E18-89F4-159C5A64B960}.Release|x86.ActiveCfg = Release|Win32
		{AFC81913-3DEA-4E18-89F4-159C5A64B960}.Release|x86.Build.0 = Release|Win32
		{A17D1BD7-01B2-4106-936F-715AA32E7CF3}.Debug|x64.ActiveCfg = Debug|x64
		{A17D1BD7-01B2-4106-936F-715AA32E7CF3}.Debug|x64.Build.0 = Debug|x64
		{A17D1BD7-01B2-4106-936F-715AA32E7CF3}.Debug|x86.ActiveCfg = Debug|Win32
		{A17D1BD7-01B2-4106-936F-715AA32E7CF3}.Debug|x86.Build.0 = Debug|Win32
		{A17D1BD7-01B2-4106-936F-715AA32E7CF3}.Release|x64.ActiveCfg = Release|x64
		{A17D1BD7-01B2-4106-936F-715AA32E7CF3}.Release|x64.Build.0 = Release|x64
		{A17D1BD7-01B2-4106-936F-715AA32E7CF3}.Release|x86.ActiveCfg = Release|Win32
		{A17D1BD7-01B2-4106-936F-715AA32E7CF3}.Release|x86.Build.0 = Release|Win32
	EndGlobalSection
	GlobalSection(SolutionProperties) = preSolution
		HideSolutionNode = FALSE
	EndGlobalSection
	GlobalSection(ExtensibilityGlobals) = postSolution
		SolutionGuid = {B1F15155-BF6F-4322-89C0-3BC2B2232D54}
	EndGlobalSection
EndGlobal
